
Microsoft Visual Studio Solution File, Format Version 12.00
# Visual Studio Version 16
VisualStudioVersion = 16.0.29009.5
MinimumVisualStudioVersion = 10.0.40219.1
Project("{9A19103F-16F7-4668-BE54-9A1E7A4F7556}") = "AAnguix.Akka.Example", "AAnguix.Akka.Example\AAnguix.Akka.Example.csproj", "{3C7CDA01-7C9A-46CE-B234-55619E1C7404}"
EndProject
Project("{FAE04EC0-301F-11D3-BF4B-00C04F79EFBC}") = "AAnguix.AkkaExample.UnitTests", "AAnguix.AkkaExample.UnitTests\AAnguix.AkkaExample.UnitTests.csproj", "{B4745A2E-1BC5-41DC-9702-2C9EBA8E4233}"
EndProject
Project("{FAE04EC0-301F-11D3-BF4B-00C04F79EFBC}") = "AAnguix.AkkaExample.Domain", "AAnguix.AkkaExample.Domain\AAnguix.AkkaExample.Domain.csproj", "{8399940B-4D5D-4D0E-BE31-CC015C56EEE1}"
EndProject
Global
	GlobalSection(SolutionConfigurationPlatforms) = preSolution
		Debug|Any CPU = Debug|Any CPU
		Release|Any CPU = Release|Any CPU
	EndGlobalSection
	GlobalSection(ProjectConfigurationPlatforms) = postSolution
		{3C7CDA01-7C9A-46CE-B234-55619E1C7404}.Debug|Any CPU.ActiveCfg = Debug|Any CPU
		{3C7CDA01-7C9A-46CE-B234-55619E1C7404}.Debug|Any CPU.Build.0 = Debug|Any CPU
		{3C7CDA01-7C9A-46CE-B234-55619E1C7404}.Release|Any CPU.ActiveCfg = Release|Any CPU
		{3C7CDA01-7C9A-46CE-B234-55619E1C7404}.Release|Any CPU.Build.0 = Release|Any CPU
		{B4745A2E-1BC5-41DC-9702-2C9EBA8E4233}.Debug|Any CPU.ActiveCfg = Debug|Any CPU
		{B4745A2E-1BC5-41DC-9702-2C9EBA8E4233}.Debug|Any CPU.Build.0 = Debug|Any CPU
		{B4745A2E-1BC5-41DC-9702-2C9EBA8E4233}.Release|Any CPU.ActiveCfg = Release|Any CPU
		{B4745A2E-1BC5-41DC-9702-2C9EBA8E4233}.Release|Any CPU.Build.0 = Release|Any CPU
		{8399940B-4D5D-4D0E-BE31-CC015C56EEE1}.Debug|Any CPU.ActiveCfg = Debug|Any CPU
		{8399940B-4D5D-4D0E-BE31-CC015C56EEE1}.Debug|Any CPU.Build.0 = Debug|Any CPU
		{8399940B-4D5D-4D0E-BE31-CC015C56EEE1}.Release|Any CPU.ActiveCfg = Release|Any CPU
		{8399940B-4D5D-4D0E-BE31-CC015C56EEE1}.Release|Any CPU.Build.0 = Release|Any CPU
	EndGlobalSection
	GlobalSection(SolutionProperties) = preSolution
		HideSolutionNode = FALSE
	EndGlobalSection
	GlobalSection(ExtensibilityGlobals) = postSolution
		SolutionGuid = {1057A324-1567-45F1-84CC-B97FF574B51A}
	EndGlobalSection
EndGlobal
